
Microsoft Visual Studio Solution File, Format Version 12.00
# Visual Studio Version 17
VisualStudioVersion = 17.5.33516.290
MinimumVisualStudioVersion = 10.0.40219.1
Project("{FAE04EC0-301F-11D3-BF4B-00C04F79EFBC}") = "Prueba 1", "Prueba 1\Prueba 1.csproj", "{AE6FFB88-7060-453A-B898-45E5770C280A}"
EndProject
Global
	GlobalSection(SolutionConfigurationPlatforms) = preSolution
		Debug|Any CPU = Debug|Any CPU
		Release|Any CPU = Release|Any CPU
	EndGlobalSection
	GlobalSection(ProjectConfigurationPlatforms) = postSolution
		{AE6FFB88-7060-453A-B898-45E5770C280A}.Debug|Any CPU.ActiveCfg = Debug|Any CPU
		{AE6FFB88-7060-453A-B898-45E5770C280A}.Debug|Any CPU.Build.0 = Debug|Any CPU
		{AE6FFB88-7060-453A-B898-45E5770C280A}.Release|Any CPU.ActiveCfg = Release|Any CPU
		{AE6FFB88-7060-453A-B898-45E5770C280A}.Release|Any CPU.Build.0 = Release|Any CPU
	EndGlobalSection
	GlobalSection(SolutionProperties) = preSolution
		HideSolutionNode = FALSE
	EndGlobalSection
	GlobalSection(ExtensibilityGlobals) = postSolution
		SolutionGuid = {FE2768F2-BB0C-4A67-975B-56C53C84E473}
	EndGlobalSection
EndGlobal
